
Microsoft Visual Studio Solution File, Format Version 12.00
# Visual Studio Version 17
VisualStudioVersion = 17.14.36623.8 d17.14
MinimumVisualStudioVersion = 10.0.40219.1
Project("{888888A0-9F3D-457C-B088-3A5042F75D52}") = "secret_santa", "secret_santa\secret_santa.pyproj", "{E740390A-56B7-4D28-BBBD-69AF085BD046}"
EndProject
Global
	GlobalSection(SolutionConfigurationPlatforms) = preSolution
		Debug|Any CPU = Debug|Any CPU
		Release|Any CPU = Release|Any CPU
	EndGlobalSection
	GlobalSection(ProjectConfigurationPlatforms) = postSolution
		{E740390A-56B7-4D28-BBBD-69AF085BD046}.Debug|Any CPU.ActiveCfg = Debug|Any CPU
		{E740390A-56B7-4D28-BBBD-69AF085BD046}.Release|Any CPU.ActiveCfg = Release|Any CPU
	EndGlobalSection
	GlobalSection(SolutionProperties) = preSolution
		HideSolutionNode = FALSE
	EndGlobalSection
	GlobalSection(ExtensibilityGlobals) = postSolution
		SolutionGuid = {6F056EA0-382E-4741-A8DC-4D1E2FA5109F}
	EndGlobalSection
EndGlobal
